
Microsoft Visual Studio Solution File, Format Version 12.00
# Visual Studio Version 16
VisualStudioVersion = 16.0.810.18
MinimumVisualStudioVersion = 10.0.40219.1
Project("{FAE04EC0-301F-11D3-BF4B-00C04F79EFBC}") = "SimpleTouchView", "SimpleTouchView\SimpleTouchView.csproj", "{A638EA6F-39DD-4917-B60F-42820F4D9240}"
EndProject
Global
	GlobalSection(SolutionConfigurationPlatforms) = preSolution
		Debug|Any CPU = Debug|Any CPU
		Release|Any CPU = Release|Any CPU
	EndGlobalSection
	GlobalSection(ProjectConfigurationPlatforms) = postSolution
		{A638EA6F-39DD-4917-B60F-42820F4D9240}.Debug|Any CPU.ActiveCfg = Debug|Any CPU
		{A638EA6F-39DD-4917-B60F-42820F4D9240}.Debug|Any CPU.Build.0 = Debug|Any CPU
		{A638EA6F-39DD-4917-B60F-42820F4D9240}.Release|Any CPU.ActiveCfg = Release|Any CPU
		{A638EA6F-39DD-4917-B60F-42820F4D9240}.Release|Any CPU.Build.0 = Release|Any CPU
	EndGlobalSection
	GlobalSection(SolutionProperties) = preSolution
		HideSolutionNode = FALSE
	EndGlobalSection
	GlobalSection(ExtensibilityGlobals) = postSolution
		SolutionGuid = {74A70902-1BB4-44BE-8B40-2D2C0BBAC612}
	EndGlobalSection
EndGlobal
